
Microsoft Visual Studio Solution File, Format Version 12.00
Project("{FAE04EC0-301F-11D3-BF4B-00C04F79EFBC}") = "WiringXSharp", "WiringXSharp\WiringXSharp.csproj", "{883B170D-C27C-4B99-91ED-6910E5903B52}"
EndProject
Project("{FAE04EC0-301F-11D3-BF4B-00C04F79EFBC}") = "WiringXDemo", "WiringXDemo\WiringXDemo.csproj", "{CC41A7B1-6727-48E6-A221-7EFBF3FF261F}"
EndProject
Global
	GlobalSection(SolutionConfigurationPlatforms) = preSolution
		Debug|Any CPU = Debug|Any CPU
		Release|Any CPU = Release|Any CPU
	EndGlobalSection
	GlobalSection(ProjectConfigurationPlatforms) = postSolution
		{883B170D-C27C-4B99-91ED-6910E5903B52}.Debug|Any CPU.ActiveCfg = Debug|Any CPU
		{883B170D-C27C-4B99-91ED-6910E5903B52}.Debug|Any CPU.Build.0 = Debug|Any CPU
		{883B170D-C27C-4B99-91ED-6910E5903B52}.Release|Any CPU.ActiveCfg = Release|Any CPU
		{883B170D-C27C-4B99-91ED-6910E5903B52}.Release|Any CPU.Build.0 = Release|Any CPU
		{CC41A7B1-6727-48E6-A221-7EFBF3FF261F}.Debug|Any CPU.ActiveCfg = Debug|Any CPU
		{CC41A7B1-6727-48E6-A221-7EFBF3FF261F}.Debug|Any CPU.Build.0 = Debug|Any CPU
		{CC41A7B1-6727-48E6-A221-7EFBF3FF261F}.Release|Any CPU.ActiveCfg = Release|Any CPU
		{CC41A7B1-6727-48E6-A221-7EFBF3FF261F}.Release|Any CPU.Build.0 = Release|Any CPU
	EndGlobalSection
EndGlobal
